
Microsoft Visual Studio Solution File, Format Version 12.00
# Visual Studio Version 17
VisualStudioVersion = 17.14.36221.1
MinimumVisualStudioVersion = 10.0.40219.1
Project("{FAE04EC0-301F-11D3-BF4B-00C04F79EFBC}") = "MongoDbTesting", "MongoDbTesting\MongoDbTesting.csproj", "{01DC8287-C33A-420C-A18F-0BD0B4E564C2}"
EndProject
Global
	GlobalSection(SolutionConfigurationPlatforms) = preSolution
		Debug|Any CPU = Debug|Any CPU
		Release|Any CPU = Release|Any CPU
	EndGlobalSection
	GlobalSection(ProjectConfigurationPlatforms) = postSolution
		{01DC8287-C33A-420C-A18F-0BD0B4E564C2}.Debug|Any CPU.ActiveCfg = Debug|Any CPU
		{01DC8287-C33A-420C-A18F-0BD0B4E564C2}.Debug|Any CPU.Build.0 = Debug|Any CPU
		{01DC8287-C33A-420C-A18F-0BD0B4E564C2}.Release|Any CPU.ActiveCfg = Release|Any CPU
		{01DC8287-C33A-420C-A18F-0BD0B4E564C2}.Release|Any CPU.Build.0 = Release|Any CPU
	EndGlobalSection
	GlobalSection(SolutionProperties) = preSolution
		HideSolutionNode = FALSE
	EndGlobalSection
	GlobalSection(ExtensibilityGlobals) = postSolution
		SolutionGuid = {561146D8-0D54-494C-A1AB-17DD45E7DBB2}
	EndGlobalSection
EndGlobal
